
Microsoft Visual Studio Solution File, Format Version 12.00
# Visual Studio 15
VisualStudioVersion = 15.0.28307.271
MinimumVisualStudioVersion = 10.0.40219.1
Project("{FAE04EC0-301F-11D3-BF4B-00C04F79EFBC}") = "TodoApi", "TodoApi\TodoApi.csproj", "{BF63C840-B029-4D44-81F0-AD33C153BE68}"
EndProject
Global
	GlobalSection(SolutionConfigurationPlatforms) = preSolution
		Debug|Any CPU = Debug|Any CPU
		Release|Any CPU = Release|Any CPU
	EndGlobalSection
	GlobalSection(ProjectConfigurationPlatforms) = postSolution
		{BF63C840-B029-4D44-81F0-AD33C153BE68}.Debug|Any CPU.ActiveCfg = Debug|Any CPU
		{BF63C840-B029-4D44-81F0-AD33C153BE68}.Debug|Any CPU.Build.0 = Debug|Any CPU
		{BF63C840-B029-4D44-81F0-AD33C153BE68}.Release|Any CPU.ActiveCfg = Release|Any CPU
		{BF63C840-B029-4D44-81F0-AD33C153BE68}.Release|Any CPU.Build.0 = Release|Any CPU
	EndGlobalSection
	GlobalSection(SolutionProperties) = preSolution
		HideSolutionNode = FALSE
	EndGlobalSection
	GlobalSection(ExtensibilityGlobals) = postSolution
		SolutionGuid = {47901622-05E9-469F-B91B-2D58951B13DE}
	EndGlobalSection
EndGlobal
